
Microsoft Visual Studio Solution File, Format Version 12.00
# Visual Studio Version 17
VisualStudioVersion = 17.10.34607.79
MinimumVisualStudioVersion = 10.0.40219.1
Project("{9A19103F-16F7-4668-BE54-9A1E7A4F7556}") = "BookStore.DataAccess", "BookStore.DataAccess\BookStore.DataAccess.csproj", "{116BE903-212E-4B5A-BD13-3DB0C26861EC}"
EndProject
Project("{9A19103F-16F7-4668-BE54-9A1E7A4F7556}") = "BookStore.BusinessLogic", "BookStore.BuisinessLogic\BookStore.BusinessLogic.csproj", "{685917E9-6828-4DC5-8C99-727B6D90BF1B}"
EndProject
Project("{9A19103F-16F7-4668-BE54-9A1E7A4F7556}") = "BookStore.Presentation", "BookStore.Presentation\BookStore.Presentation.csproj", "{110B83CE-8C62-4E08-BA8C-E387CB340D40}"
EndProject
Global
	GlobalSection(SolutionConfigurationPlatforms) = preSolution
		Debug|Any CPU = Debug|Any CPU
		Release|Any CPU = Release|Any CPU
	EndGlobalSection
	GlobalSection(ProjectConfigurationPlatforms) = postSolution
		{116BE903-212E-4B5A-BD13-3DB0C26861EC}.Debug|Any CPU.ActiveCfg = Debug|Any CPU
		{116BE903-212E-4B5A-BD13-3DB0C26861EC}.Debug|Any CPU.Build.0 = Debug|Any CPU
		{116BE903-212E-4B5A-BD13-3DB0C26861EC}.Release|Any CPU.ActiveCfg = Release|Any CPU
		{116BE903-212E-4B5A-BD13-3DB0C26861EC}.Release|Any CPU.Build.0 = Release|Any CPU
		{685917E9-6828-4DC5-8C99-727B6D90BF1B}.Debug|Any CPU.ActiveCfg = Debug|Any CPU
		{685917E9-6828-4DC5-8C99-727B6D90BF1B}.Debug|Any CPU.Build.0 = Debug|Any CPU
		{685917E9-6828-4DC5-8C99-727B6D90BF1B}.Release|Any CPU.ActiveCfg = Release|Any CPU
		{685917E9-6828-4DC5-8C99-727B6D90BF1B}.Release|Any CPU.Build.0 = Release|Any CPU
		{110B83CE-8C62-4E08-BA8C-E387CB340D40}.Debug|Any CPU.ActiveCfg = Debug|Any CPU
		{110B83CE-8C62-4E08-BA8C-E387CB340D40}.Debug|Any CPU.Build.0 = Debug|Any CPU
		{110B83CE-8C62-4E08-BA8C-E387CB340D40}.Release|Any CPU.ActiveCfg = Release|Any CPU
		{110B83CE-8C62-4E08-BA8C-E387CB340D40}.Release|Any CPU.Build.0 = Release|Any CPU
	EndGlobalSection
	GlobalSection(SolutionProperties) = preSolution
		HideSolutionNode = FALSE
	EndGlobalSection
	GlobalSection(ExtensibilityGlobals) = postSolution
		SolutionGuid = {2255D853-0D0E-4F58-8A52-567EE85C35F4}
	EndGlobalSection
EndGlobal
